
Microsoft Visual Studio Solution File, Format Version 12.00
# Visual Studio 15
VisualStudioVersion = 15.0.28010.2041
MinimumVisualStudioVersion = 10.0.40219.1
Project("{FAE04EC0-301F-11D3-BF4B-00C04F79EFBC}") = "TiendaMVC", "TiendaMVC\TiendaMVC.csproj", "{2DB15107-45B8-486F-A643-80DAC48400F5}"
EndProject
Global
	GlobalSection(SolutionConfigurationPlatforms) = preSolution
		Debug|Any CPU = Debug|Any CPU
		Release|Any CPU = Release|Any CPU
	EndGlobalSection
	GlobalSection(ProjectConfigurationPlatforms) = postSolution
		{2DB15107-45B8-486F-A643-80DAC48400F5}.Debug|Any CPU.ActiveCfg = Debug|Any CPU
		{2DB15107-45B8-486F-A643-80DAC48400F5}.Debug|Any CPU.Build.0 = Debug|Any CPU
		{2DB15107-45B8-486F-A643-80DAC48400F5}.Release|Any CPU.ActiveCfg = Release|Any CPU
		{2DB15107-45B8-486F-A643-80DAC48400F5}.Release|Any CPU.Build.0 = Release|Any CPU
	EndGlobalSection
	GlobalSection(SolutionProperties) = preSolution
		HideSolutionNode = FALSE
	EndGlobalSection
	GlobalSection(ExtensibilityGlobals) = postSolution
		SolutionGuid = {F8A5B0F4-329B-4831-A6EB-3EA2AA4CF4B3}
	EndGlobalSection
EndGlobal
